
Microsoft Visual Studio Solution File, Format Version 12.00
# Visual Studio 15
VisualStudioVersion = 15.0.28307.136
MinimumVisualStudioVersion = 10.0.40219.1
Project("{FAE04EC0-301F-11D3-BF4B-00C04F79EFBC}") = "LinqPadClassLibrary", "LinqPadClassLibrary\LinqPadClassLibrary.csproj", "{43698F1B-72C6-41B7-A7B8-DF4C799663CE}"
EndProject
Global
	GlobalSection(SolutionConfigurationPlatforms) = preSolution
		Debug|Any CPU = Debug|Any CPU
		Release|Any CPU = Release|Any CPU
	EndGlobalSection
	GlobalSection(ProjectConfigurationPlatforms) = postSolution
		{43698F1B-72C6-41B7-A7B8-DF4C799663CE}.Debug|Any CPU.ActiveCfg = Debug|Any CPU
		{43698F1B-72C6-41B7-A7B8-DF4C799663CE}.Debug|Any CPU.Build.0 = Debug|Any CPU
		{43698F1B-72C6-41B7-A7B8-DF4C799663CE}.Release|Any CPU.ActiveCfg = Release|Any CPU
		{43698F1B-72C6-41B7-A7B8-DF4C799663CE}.Release|Any CPU.Build.0 = Release|Any CPU
	EndGlobalSection
	GlobalSection(SolutionProperties) = preSolution
		HideSolutionNode = FALSE
	EndGlobalSection
	GlobalSection(ExtensibilityGlobals) = postSolution
		SolutionGuid = {E5B9F89F-8743-45D2-B0FF-BBF808DA374D}
	EndGlobalSection
EndGlobal
